// !$*UTF8*$!
{
	archiveVersion = 1;
	classes = {
	};
	objectVersion = 55;
	objects = {

/* Begin PBXBuildFile section */
		313B2C8727BED9F20059EAC0 /* DatabaseManager.swift in Sources */ = {isa = PBXBuildFile; fileRef = 313B2C8627BED9F20059EAC0 /* DatabaseManager.swift */; };
		317C3DC927BECABC00FE74B9 /* AuthManager.swift in Sources */ = {isa = PBXBuildFile; fileRef = 317C3DC827BECABC00FE74B9 /* AuthManager.swift */; };
		3197AF8427BAEAA600575CEF /* AppDelegate.swift in Sources */ = {isa = PBXBuildFile; fileRef = 3197AF8327BAEAA600575CEF /* AppDelegate.swift */; };
		3197AF8627BAEAA600575CEF /* SceneDelegate.swift in Sources */ = {isa = PBXBuildFile; fileRef = 3197AF8527BAEAA600575CEF /* SceneDelegate.swift */; };
		3197AF8827BAEAA600575CEF /* ConversationsViewController.swift in Sources */ = {isa = PBXBuildFile; fileRef = 3197AF8727BAEAA600575CEF /* ConversationsViewController.swift */; };
		3197AF8B27BAEAA600575CEF /* Main.storyboard in Resources */ = {isa = PBXBuildFile; fileRef = 3197AF8927BAEAA600575CEF /* Main.storyboard */; };
		3197AF8D27BAEAA900575CEF /* Assets.xcassets in Resources */ = {isa = PBXBuildFile; fileRef = 3197AF8C27BAEAA900575CEF /* Assets.xcassets */; };
		3197AF9027BAEAA900575CEF /* LaunchScreen.storyboard in Resources */ = {isa = PBXBuildFile; fileRef = 3197AF8E27BAEAA900575CEF /* LaunchScreen.storyboard */; };
		3197AF9E27BAEDDA00575CEF /* LoginViewController.swift in Sources */ = {isa = PBXBuildFile; fileRef = 3197AF9D27BAEDDA00575CEF /* LoginViewController.swift */; };
		3197AFA027BAEDE300575CEF /* RegisterViewController.swift in Sources */ = {isa = PBXBuildFile; fileRef = 3197AF9F27BAEDE300575CEF /* RegisterViewController.swift */; };
		3197AFA227BAEDFD00575CEF /* PhototViewerViewController.swift in Sources */ = {isa = PBXBuildFile; fileRef = 3197AFA127BAEDFD00575CEF /* PhototViewerViewController.swift */; };
		3197AFA427BAEE0800575CEF /* VideoPlayerViewController.swift in Sources */ = {isa = PBXBuildFile; fileRef = 3197AFA327BAEE0800575CEF /* VideoPlayerViewController.swift */; };
		3197AFA627BAEE1E00575CEF /* NewConversationViewController.swift in Sources */ = {isa = PBXBuildFile; fileRef = 3197AFA527BAEE1E00575CEF /* NewConversationViewController.swift */; };
		3197AFA827BAEE2A00575CEF /* ProfileViewController.swift in Sources */ = {isa = PBXBuildFile; fileRef = 3197AFA727BAEE2A00575CEF /* ProfileViewController.swift */; };
		3197AFAB27BBC9E200575CEF /* AppConstants.swift in Sources */ = {isa = PBXBuildFile; fileRef = 3197AFAA27BBC9E200575CEF /* AppConstants.swift */; };
		3197AFAD27BBD0B100575CEF /* ViewExtension.swift in Sources */ = {isa = PBXBuildFile; fileRef = 3197AFAC27BBD0B100575CEF /* ViewExtension.swift */; };
		3197AFB127BBF2E900575CEF /* TextFieldExt.swift in Sources */ = {isa = PBXBuildFile; fileRef = 3197AFB027BBF2E900575CEF /* TextFieldExt.swift */; };
		3197AFB327BC1E0100575CEF /* StringExt.swift in Sources */ = {isa = PBXBuildFile; fileRef = 3197AFB227BC1E0100575CEF /* StringExt.swift */; };
		3197AFB527BC1E9C00575CEF /* AlertController.swift in Sources */ = {isa = PBXBuildFile; fileRef = 3197AFB427BC1E9C00575CEF /* AlertController.swift */; };
		3197AFBA27BCC3F000575CEF /* GoogleService-Info.plist in Resources */ = {isa = PBXBuildFile; fileRef = 3197AFB927BCC3F000575CEF /* GoogleService-Info.plist */; };
		A3394F6464A76680A1092F36 /* Pods_FirebaseChatApp.framework in Frameworks */ = {isa = PBXBuildFile; fileRef = B52D0E3A70886B401EB2FA52 /* Pods_FirebaseChatApp.framework */; };
/* End PBXBuildFile section */

/* Begin PBXFileReference section */
		313B2C8627BED9F20059EAC0 /* DatabaseManager.swift */ = {isa = PBXFileReference; lastKnownFileType = sourcecode.swift; path = DatabaseManager.swift; sourceTree = "<group>"; };
		314FA61F27C0DC15006B5AD4 /* FirebaseChatApp.entitlements */ = {isa = PBXFileReference; lastKnownFileType = text.plist.entitlements; path = FirebaseChatApp.entitlements; sourceTree = "<group>"; };
		317C3DC827BECABC00FE74B9 /* AuthManager.swift */ = {isa = PBXFileReference; fileEncoding = 4; lastKnownFileType = sourcecode.swift; path = AuthManager.swift; sourceTree = "<group>"; };
		3197AF8027BAEAA600575CEF /* FirebaseChatApp.app */ = {isa = PBXFileReference; explicitFileType = wrapper.application; includeInIndex = 0; path = FirebaseChatApp.app; sourceTree = BUILT_PRODUCTS_DIR; };
		3197AF8327BAEAA600575CEF /* AppDelegate.swift */ = {isa = PBXFileReference; lastKnownFileType = sourcecode.swift; path = AppDelegate.swift; sourceTree = "<group>"; };
		3197AF8527BAEAA600575CEF /* SceneDelegate.swift */ = {isa = PBXFileReference; lastKnownFileType = sourcecode.swift; path = SceneDelegate.swift; sourceTree = "<group>"; };
		3197AF8727BAEAA600575CEF /* ConversationsViewController.swift */ = {isa = PBXFileReference; lastKnownFileType = sourcecode.swift; path = ConversationsViewController.swift; sourceTree = "<group>"; };
		3197AF8A27BAEAA600575CEF /* Base */ = {isa = PBXFileReference; lastKnownFileType = file.storyboard; name = Base; path = Base.lproj/Main.storyboard; sourceTree = "<group>"; };
		3197AF8C27BAEAA900575CEF /* Assets.xcassets */ = {isa = PBXFileReference; lastKnownFileType = folder.assetcatalog; path = Assets.xcassets; sourceTree = "<group>"; };
		3197AF8F27BAEAA900575CEF /* Base */ = {isa = PBXFileReference; lastKnownFileType = file.storyboard; name = Base; path = Base.lproj/LaunchScreen.storyboard; sourceTree = "<group>"; };
		3197AF9127BAEAA900575CEF /* Info.plist */ = {isa = PBXFileReference; lastKnownFileType = text.plist.xml; path = Info.plist; sourceTree = "<group>"; };
		3197AF9D27BAEDDA00575CEF /* LoginViewController.swift */ = {isa = PBXFileReference; lastKnownFileType = sourcecode.swift; path = LoginViewController.swift; sourceTree = "<group>"; };
		3197AF9F27BAEDE300575CEF /* RegisterViewController.swift */ = {isa = PBXFileReference; lastKnownFileType = sourcecode.swift; path = RegisterViewController.swift; sourceTree = "<group>"; };
		3197AFA127BAEDFD00575CEF /* PhototViewerViewController.swift */ = {isa = PBXFileReference; lastKnownFileType = sourcecode.swift; path = PhototViewerViewController.swift; sourceTree = "<group>"; };
		3197AFA327BAEE0800575CEF /* VideoPlayerViewController.swift */ = {isa = PBXFileReference; lastKnownFileType = sourcecode.swift; path = VideoPlayerViewController.swift; sourceTree = "<group>"; };
		3197AFA527BAEE1E00575CEF /* NewConversationViewController.swift */ = {isa = PBXFileReference; lastKnownFileType = sourcecode.swift; path = NewConversationViewController.swift; sourceTree = "<group>"; };
		3197AFA727BAEE2A00575CEF /* ProfileViewController.swift */ = {isa = PBXFileReference; lastKnownFileType = sourcecode.swift; path = ProfileViewController.swift; sourceTree = "<group>"; };
		3197AFAA27BBC9E200575CEF /* AppConstants.swift */ = {isa = PBXFileReference; lastKnownFileType = sourcecode.swift; path = AppConstants.swift; sourceTree = "<group>"; };
		3197AFAC27BBD0B100575CEF /* ViewExtension.swift */ = {isa = PBXFileReference; lastKnownFileType = sourcecode.swift; path = ViewExtension.swift; sourceTree = "<group>"; };
		3197AFB027BBF2E900575CEF /* TextFieldExt.swift */ = {isa = PBXFileReference; lastKnownFileType = sourcecode.swift; path = TextFieldExt.swift; sourceTree = "<group>"; };
		3197AFB227BC1E0100575CEF /* StringExt.swift */ = {isa = PBXFileReference; lastKnownFileType = sourcecode.swift; path = StringExt.swift; sourceTree = "<group>"; };
		3197AFB427BC1E9C00575CEF /* AlertController.swift */ = {isa = PBXFileReference; fileEncoding = 4; lastKnownFileType = sourcecode.swift; path = AlertController.swift; sourceTree = "<group>"; };
		3197AFB927BCC3F000575CEF /* GoogleService-Info.plist */ = {isa = PBXFileReference; fileEncoding = 4; lastKnownFileType = text.plist.xml; path = "GoogleService-Info.plist"; sourceTree = "<group>"; };
		4A505F4CBAD58B7E75C9CE3C /* Pods-FirebaseChatApp.debug.xcconfig */ = {isa = PBXFileReference; includeInIndex = 1; lastKnownFileType = text.xcconfig; name = "Pods-FirebaseChatApp.debug.xcconfig"; path = "Target Support Files/Pods-FirebaseChatApp/Pods-FirebaseChatApp.debug.xcconfig"; sourceTree = "<group>"; };
		B52D0E3A70886B401EB2FA52 /* Pods_FirebaseChatApp.framework */ = {isa = PBXFileReference; explicitFileType = wrapper.framework; includeInIndex = 0; path = Pods_FirebaseChatApp.framework; sourceTree = BUILT_PRODUCTS_DIR; };
		F48E0F0D0D79CC87AF03808B /* Pods-FirebaseChatApp.release.xcconfig */ = {isa = PBXFileReference; includeInIndex = 1; lastKnownFileType = text.xcconfig; name = "Pods-FirebaseChatApp.release.xcconfig"; path = "Target Support Files/Pods-FirebaseChatApp/Pods-FirebaseChatApp.release.xcconfig"; sourceTree = "<group>"; };
/* End PBXFileReference section */

/* Begin PBXFrameworksBuildPhase section */
		3197AF7D27BAEAA600575CEF /* Frameworks */ = {
			isa = PBXFrameworksBuildPhase;
			buildActionMask = 2147483647;
			files = (
				A3394F6464A76680A1092F36 /* Pods_FirebaseChatApp.framework in Frameworks */,
			);
			runOnlyForDeploymentPostprocessing = 0;
		};
/* End PBXFrameworksBuildPhase section */

/* Begin PBXGroup section */
		317C3DC427BECA6100FE74B9 /* Firebase */ = {
			isa = PBXGroup;
			children = (
				317C3DC827BECABC00FE74B9 /* AuthManager.swift */,
				313B2C8627BED9F20059EAC0 /* DatabaseManager.swift */,
			);
			path = Firebase;
			sourceTree = "<group>";
		};
		3197AF7727BAEAA600575CEF = {
			isa = PBXGroup;
			children = (
				3197AF8227BAEAA600575CEF /* FirebaseChatApp */,
				3197AF8127BAEAA600575CEF /* Products */,
				EE5C494C4000B4317689B5F7 /* Pods */,
				C203AE53EF022E50ADCD6C77 /* Frameworks */,
			);
			sourceTree = "<group>";
		};
		3197AF8127BAEAA600575CEF /* Products */ = {
			isa = PBXGroup;
			children = (
				3197AF8027BAEAA600575CEF /* FirebaseChatApp.app */,
			);
			name = Products;
			sourceTree = "<group>";
		};
		3197AF8227BAEAA600575CEF /* FirebaseChatApp */ = {
			isa = PBXGroup;
			children = (
				314FA61F27C0DC15006B5AD4 /* FirebaseChatApp.entitlements */,
				3197AF9A27BAEACF00575CEF /* Resources */,
				3197AF9927BAEACA00575CEF /* Models */,
				3197AF9827BAEABF00575CEF /* Views */,
				3197AF9727BAEAB200575CEF /* Controllers */,
				3197AF9127BAEAA900575CEF /* Info.plist */,
				3197AFB927BCC3F000575CEF /* GoogleService-Info.plist */,
			);
			path = FirebaseChatApp;
			sourceTree = "<group>";
		};
		3197AF9727BAEAB200575CEF /* Controllers */ = {
			isa = PBXGroup;
			children = (
				3197AFB827BCC14900575CEF /* Tabbar */,
				3197AFA927BBC93800575CEF /* Login */,
			);
			path = Controllers;
			sourceTree = "<group>";
		};
		3197AF9827BAEABF00575CEF /* Views */ = {
			isa = PBXGroup;
			children = (
				3197AF9B27BAEAE100575CEF /* Storyboard */,
			);
			path = Views;
			sourceTree = "<group>";
		};
		3197AF9927BAEACA00575CEF /* Models */ = {
			isa = PBXGroup;
			children = (
			);
			path = Models;
			sourceTree = "<group>";
		};
		3197AF9A27BAEACF00575CEF /* Resources */ = {
			isa = PBXGroup;
			children = (
				3197AF8C27BAEAA900575CEF /* Assets.xcassets */,
				317C3DC427BECA6100FE74B9 /* Firebase */,
				3197AF9C27BAEB0A00575CEF /* Lifecycle */,
				3197AFAF27BBD0C400575CEF /* Others */,
				3197AFAE27BBD0B800575CEF /* Extension */,
			);
			path = Resources;
			sourceTree = "<group>";
		};
		3197AF9B27BAEAE100575CEF /* Storyboard */ = {
			isa = PBXGroup;
			children = (
				3197AF8927BAEAA600575CEF /* Main.storyboard */,
				3197AF8E27BAEAA900575CEF /* LaunchScreen.storyboard */,
			);
			path = Storyboard;
			sourceTree = "<group>";
		};
		3197AF9C27BAEB0A00575CEF /* Lifecycle */ = {
			isa = PBXGroup;
			children = (
				3197AF8327BAEAA600575CEF /* AppDelegate.swift */,
				3197AF8527BAEAA600575CEF /* SceneDelegate.swift */,
			);
			path = Lifecycle;
			sourceTree = "<group>";
		};
		3197AFA927BBC93800575CEF /* Login */ = {
			isa = PBXGroup;
			children = (
				3197AF9D27BAEDDA00575CEF /* LoginViewController.swift */,
				3197AF9F27BAEDE300575CEF /* RegisterViewController.swift */,
			);
			path = Login;
			sourceTree = "<group>";
		};
		3197AFAE27BBD0B800575CEF /* Extension */ = {
			isa = PBXGroup;
			children = (
				3197AFAC27BBD0B100575CEF /* ViewExtension.swift */,
				3197AFB027BBF2E900575CEF /* TextFieldExt.swift */,
				3197AFB227BC1E0100575CEF /* StringExt.swift */,
			);
			path = Extension;
			sourceTree = "<group>";
		};
		3197AFAF27BBD0C400575CEF /* Others */ = {
			isa = PBXGroup;
			children = (
				3197AFAA27BBC9E200575CEF /* AppConstants.swift */,
				3197AFB427BC1E9C00575CEF /* AlertController.swift */,
			);
			path = Others;
			sourceTree = "<group>";
		};
		3197AFB827BCC14900575CEF /* Tabbar */ = {
			isa = PBXGroup;
			children = (
				3197AF8727BAEAA600575CEF /* ConversationsViewController.swift */,
				3197AFA127BAEDFD00575CEF /* PhototViewerViewController.swift */,
				3197AFA327BAEE0800575CEF /* VideoPlayerViewController.swift */,
				3197AFA527BAEE1E00575CEF /* NewConversationViewController.swift */,
				3197AFA727BAEE2A00575CEF /* ProfileViewController.swift */,
			);
			path = Tabbar;
			sourceTree = "<group>";
		};
		C203AE53EF022E50ADCD6C77 /* Frameworks */ = {
			isa = PBXGroup;
			children = (
				B52D0E3A70886B401EB2FA52 /* Pods_FirebaseChatApp.framework */,
			);
			name = Frameworks;
			sourceTree = "<group>";
		};
		EE5C494C4000B4317689B5F7 /* Pods */ = {
			isa = PBXGroup;
			children = (
				4A505F4CBAD58B7E75C9CE3C /* Pods-FirebaseChatApp.debug.xcconfig */,
				F48E0F0D0D79CC87AF03808B /* Pods-FirebaseChatApp.release.xcconfig */,
			);
			path = Pods;
			sourceTree = "<group>";
		};
/* End PBXGroup section */

/* Begin PBXNativeTarget section */
		3197AF7F27BAEAA600575CEF /* FirebaseChatApp */ = {
			isa = PBXNativeTarget;
			buildConfigurationList = 3197AF9427BAEAA900575CEF /* Build configuration list for PBXNativeTarget "FirebaseChatApp" */;
			buildPhases = (
				19DC5F4B6191224F101933B0 /* [CP] Check Pods Manifest.lock */,
				3197AF7C27BAEAA600575CEF /* Sources */,
				3197AF7D27BAEAA600575CEF /* Frameworks */,
				3197AF7E27BAEAA600575CEF /* Resources */,
				A09CBE2467F3593DD9810AD6 /* [CP] Embed Pods Frameworks */,
			);
			buildRules = (
			);
			dependencies = (
			);
			name = FirebaseChatApp;
			productName = FirebaseChatApp;
			productReference = 3197AF8027BAEAA600575CEF /* FirebaseChatApp.app */;
			productType = "com.apple.product-type.application";
		};
/* End PBXNativeTarget section */

/* Begin PBXProject section */
		3197AF7827BAEAA600575CEF /* Project object */ = {
			isa = PBXProject;
			attributes = {
				BuildIndependentTargetsInParallel = 1;
				LastSwiftUpdateCheck = 1320;
				LastUpgradeCheck = 1320;
				TargetAttributes = {
					3197AF7F27BAEAA600575CEF = {
						CreatedOnToolsVersion = 13.2.1;
					};
				};
			};
			buildConfigurationList = 3197AF7B27BAEAA600575CEF /* Build configuration list for PBXProject "FirebaseChatApp" */;
			compatibilityVersion = "Xcode 13.0";
			developmentRegion = en;
			hasScannedForEncodings = 0;
			knownRegions = (
				en,
				Base,
			);
			mainGroup = 3197AF7727BAEAA600575CEF;
			productRefGroup = 3197AF8127BAEAA600575CEF /* Products */;
			projectDirPath = "";
			projectRoot = "";
			targets = (
				3197AF7F27BAEAA600575CEF /* FirebaseChatApp */,
			);
		};
/* End PBXProject section */

/* Begin PBXResourcesBuildPhase section */
		3197AF7E27BAEAA600575CEF /* Resources */ = {
			isa = PBXResourcesBuildPhase;
			buildActionMask = 2147483647;
			files = (
				3197AF9027BAEAA900575CEF /* LaunchScreen.storyboard in Resources */,
				3197AFBA27BCC3F000575CEF /* GoogleService-Info.plist in Resources */,
				3197AF8D27BAEAA900575CEF /* Assets.xcassets in Resources */,
				3197AF8B27BAEAA600575CEF /* Main.storyboard in Resources */,
			);
			runOnlyForDeploymentPostprocessing = 0;
		};
/* End PBXResourcesBuildPhase section */

/* Begin PBXShellScriptBuildPhase section */
		19DC5F4B6191224F101933B0 /* [CP] Check Pods Manifest.lock */ = {
			isa = PBXShellScriptBuildPhase;
			buildActionMask = 2147483647;
			files = (
			);
			inputFileListPaths = (
			);
			inputPaths = (
				"${PODS_PODFILE_DIR_PATH}/Podfile.lock",
				"${PODS_ROOT}/Manifest.lock",
			);
			name = "[CP] Check Pods Manifest.lock";
			outputFileListPaths = (
			);
			outputPaths = (
				"$(DERIVED_FILE_DIR)/Pods-FirebaseChatApp-checkManifestLockResult.txt",
			);
			runOnlyForDeploymentPostprocessing = 0;
			shellPath = /bin/sh;
			shellScript = "diff \"${PODS_PODFILE_DIR_PATH}/Podfile.lock\" \"${PODS_ROOT}/Manifest.lock\" > /dev/null\nif [ $? != 0 ] ; then\n    # print error to STDERR\n    echo \"error: The sandbox is not in sync with the Podfile.lock. Run 'pod install' or update your CocoaPods installation.\" >&2\n    exit 1\nfi\n# This output is used by Xcode 'outputs' to avoid re-running this script phase.\necho \"SUCCESS\" > \"${SCRIPT_OUTPUT_FILE_0}\"\n";
			showEnvVarsInLog = 0;
		};
		A09CBE2467F3593DD9810AD6 /* [CP] Embed Pods Frameworks */ = {
			isa = PBXShellScriptBuildPhase;
			buildActionMask = 2147483647;
			files = (
			);
			inputFileListPaths = (
				"${PODS_ROOT}/Target Support Files/Pods-FirebaseChatApp/Pods-FirebaseChatApp-frameworks-${CONFIGURATION}-input-files.xcfilelist",
			);
			name = "[CP] Embed Pods Frameworks";
			outputFileListPaths = (
				"${PODS_ROOT}/Target Support Files/Pods-FirebaseChatApp/Pods-FirebaseChatApp-frameworks-${CONFIGURATION}-output-files.xcfilelist",
			);
			runOnlyForDeploymentPostprocessing = 0;
			shellPath = /bin/sh;
			shellScript = "\"${PODS_ROOT}/Target Support Files/Pods-FirebaseChatApp/Pods-FirebaseChatApp-frameworks.sh\"\n";
			showEnvVarsInLog = 0;
		};
/* End PBXShellScriptBuildPhase section */

/* Begin PBXSourcesBuildPhase section */
		3197AF7C27BAEAA600575CEF /* Sources */ = {
			isa = PBXSourcesBuildPhase;
			buildActionMask = 2147483647;
			files = (
				313B2C8727BED9F20059EAC0 /* DatabaseManager.swift in Sources */,
				3197AFA227BAEDFD00575CEF /* PhototViewerViewController.swift in Sources */,
				3197AFB327BC1E0100575CEF /* StringExt.swift in Sources */,
				3197AF9E27BAEDDA00575CEF /* LoginViewController.swift in Sources */,
				3197AFA627BAEE1E00575CEF /* NewConversationViewController.swift in Sources */,
				3197AFB527BC1E9C00575CEF /* AlertController.swift in Sources */,
				3197AFA027BAEDE300575CEF /* RegisterViewController.swift in Sources */,
				3197AFA427BAEE0800575CEF /* VideoPlayerViewController.swift in Sources */,
				3197AF8827BAEAA600575CEF /* ConversationsViewController.swift in Sources */,
				3197AFAD27BBD0B100575CEF /* ViewExtension.swift in Sources */,
				3197AFA827BAEE2A00575CEF /* ProfileViewController.swift in Sources */,
				317C3DC927BECABC00FE74B9 /* AuthManager.swift in Sources */,
				3197AF8427BAEAA600575CEF /* AppDelegate.swift in Sources */,
				3197AF8627BAEAA600575CEF /* SceneDelegate.swift in Sources */,
				3197AFAB27BBC9E200575CEF /* AppConstants.swift in Sources */,
				3197AFB127BBF2E900575CEF /* TextFieldExt.swift in Sources */,
			);
			runOnlyForDeploymentPostprocessing = 0;
		};
/* End PBXSourcesBuildPhase section */

/* Begin PBXVariantGroup section */
		3197AF8927BAEAA600575CEF /* Main.storyboard */ = {
			isa = PBXVariantGroup;
			children = (
				3197AF8A27BAEAA600575CEF /* Base */,
			);
			name = Main.storyboard;
			sourceTree = "<group>";
		};
		3197AF8E27BAEAA900575CEF /* LaunchScreen.storyboard */ = {
			isa = PBXVariantGroup;
			children = (
				3197AF8F27BAEAA900575CEF /* Base */,
			);
			name = LaunchScreen.storyboard;
			sourceTree = "<group>";
		};
/* End PBXVariantGroup section */

/* Begin XCBuildConfiguration section */
		3197AF9227BAEAA900575CEF /* Debug */ = {
			isa = XCBuildConfiguration;
			buildSettings = {
				ALWAYS_SEARCH_USER_PATHS = NO;
				CLANG_ANALYZER_NONNULL = YES;
				CLANG_ANALYZER_NUMBER_OBJECT_CONVERSION = YES_AGGRESSIVE;
				CLANG_CXX_LANGUAGE_STANDARD = "gnu++17";
				CLANG_CXX_LIBRARY = "libc++";
				CLANG_ENABLE_MODULES = YES;
				CLANG_ENABLE_OBJC_ARC = YES;
				CLANG_ENABLE_OBJC_WEAK = YES;
				CLANG_WARN_BLOCK_CAPTURE_AUTORELEASING = YES;
				CLANG_WARN_BOOL_CONVERSION = YES;
				CLANG_WARN_COMMA = YES;
				CLANG_WARN_CONSTANT_CONVERSION = YES;
				CLANG_WARN_DEPRECATED_OBJC_IMPLEMENTATIONS = YES;
				CLANG_WARN_DIRECT_OBJC_ISA_USAGE = YES_ERROR;
				CLANG_WARN_DOCUMENTATION_COMMENTS = YES;
				CLANG_WARN_EMPTY_BODY = YES;
				CLANG_WARN_ENUM_CONVERSION = YES;
				CLANG_WARN_INFINITE_RECURSION = YES;
				CLANG_WARN_INT_CONVERSION = YES;
				CLANG_WARN_NON_LITERAL_NULL_CONVERSION = YES;
				CLANG_WARN_OBJC_IMPLICIT_RETAIN_SELF = YES;
				CLANG_WARN_OBJC_LITERAL_CONVERSION = YES;
				CLANG_WARN_OBJC_ROOT_CLASS = YES_ERROR;
				CLANG_WARN_QUOTED_INCLUDE_IN_FRAMEWORK_HEADER = YES;
				CLANG_WARN_RANGE_LOOP_ANALYSIS = YES;
				CLANG_WARN_STRICT_PROTOTYPES = YES;
				CLANG_WARN_SUSPICIOUS_MOVE = YES;
				CLANG_WARN_UNGUARDED_AVAILABILITY = YES_AGGRESSIVE;
				CLANG_WARN_UNREACHABLE_CODE = YES;
				CLANG_WARN__DUPLICATE_METHOD_MATCH = YES;
				COPY_PHASE_STRIP = NO;
				DEBUG_INFORMATION_FORMAT = dwarf;
				ENABLE_STRICT_OBJC_MSGSEND = YES;
				ENABLE_TESTABILITY = YES;
				GCC_C_LANGUAGE_STANDARD = gnu11;
				GCC_DYNAMIC_NO_PIC = NO;
				GCC_NO_COMMON_BLOCKS = YES;
				GCC_OPTIMIZATION_LEVEL = 0;
				GCC_PREPROCESSOR_DEFINITIONS = (
					"DEBUG=1",
					"$(inherited)",
				);
				GCC_WARN_64_TO_32_BIT_CONVERSION = YES;
				GCC_WARN_ABOUT_RETURN_TYPE = YES_ERROR;
				GCC_WARN_UNDECLARED_SELECTOR = YES;
				GCC_WARN_UNINITIALIZED_AUTOS = YES_AGGRESSIVE;
				GCC_WARN_UNUSED_FUNCTION = YES;
				GCC_WARN_UNUSED_VARIABLE = YES;
				IPHONEOS_DEPLOYMENT_TARGET = 15.2;
				MTL_ENABLE_DEBUG_INFO = INCLUDE_SOURCE;
				MTL_FAST_MATH = YES;
				ONLY_ACTIVE_ARCH = YES;
				SDKROOT = iphoneos;
				SWIFT_ACTIVE_COMPILATION_CONDITIONS = DEBUG;
				SWIFT_OPTIMIZATION_LEVEL = "-Onone";
			};
			name = Debug;
		};
		3197AF9327BAEAA900575CEF /* Release */ = {
			isa = XCBuildConfiguration;
			buildSettings = {
				ALWAYS_SEARCH_USER_PATHS = NO;
				CLANG_ANALYZER_NONNULL = YES;
				CLANG_ANALYZER_NUMBER_OBJECT_CONVERSION = YES_AGGRESSIVE;
				CLANG_CXX_LANGUAGE_STANDARD = "gnu++17";
				CLANG_CXX_LIBRARY = "libc++";
				CLANG_ENABLE_MODULES = YES;
				CLANG_ENABLE_OBJC_ARC = YES;
				CLANG_ENABLE_OBJC_WEAK = YES;
				CLANG_WARN_BLOCK_CAPTURE_AUTORELEASING = YES;
				CLANG_WARN_BOOL_CONVERSION = YES;
				CLANG_WARN_COMMA = YES;
				CLANG_WARN_CONSTANT_CONVERSION = YES;
				CLANG_WARN_DEPRECATED_OBJC_IMPLEMENTATIONS = YES;
				CLANG_WARN_DIRECT_OBJC_ISA_USAGE = YES_ERROR;
				CLANG_WARN_DOCUMENTATION_COMMENTS = YES;
				CLANG_WARN_EMPTY_BODY = YES;
				CLANG_WARN_ENUM_CONVERSION = YES;
				CLANG_WARN_INFINITE_RECURSION = YES;
				CLANG_WARN_INT_CONVERSION = YES;
				CLANG_WARN_NON_LITERAL_NULL_CONVERSION = YES;
				CLANG_WARN_OBJC_IMPLICIT_RETAIN_SELF = YES;
				CLANG_WARN_OBJC_LITERAL_CONVERSION = YES;
				CLANG_WARN_OBJC_ROOT_CLASS = YES_ERROR;
				CLANG_WARN_QUOTED_INCLUDE_IN_FRAMEWORK_HEADER = YES;
				CLANG_WARN_RANGE_LOOP_ANALYSIS = YES;
				CLANG_WARN_STRICT_PROTOTYPES = YES;
				CLANG_WARN_SUSPICIOUS_MOVE = YES;
				CLANG_WARN_UNGUARDED_AVAILABILITY = YES_AGGRESSIVE;
				CLANG_WARN_UNREACHABLE_CODE = YES;
				CLANG_WARN__DUPLICATE_METHOD_MATCH = YES;
				COPY_PHASE_STRIP = NO;
				DEBUG_INFORMATION_FORMAT = "dwarf-with-dsym";
				ENABLE_NS_ASSERTIONS = NO;
				ENABLE_STRICT_OBJC_MSGSEND = YES;
				GCC_C_LANGUAGE_STANDARD = gnu11;
				GCC_NO_COMMON_BLOCKS = YES;
				GCC_WARN_64_TO_32_BIT_CONVERSION = YES;
				GCC_WARN_ABOUT_RETURN_TYPE = YES_ERROR;
				GCC_WARN_UNDECLARED_SELECTOR = YES;
				GCC_WARN_UNINITIALIZED_AUTOS = YES_AGGRESSIVE;
				GCC_WARN_UNUSED_FUNCTION = YES;
				GCC_WARN_UNUSED_VARIABLE = YES;
				IPHONEOS_DEPLOYMENT_TARGET = 15.2;
				MTL_ENABLE_DEBUG_INFO = NO;
				MTL_FAST_MATH = YES;
				SDKROOT = iphoneos;
				SWIFT_COMPILATION_MODE = wholemodule;
				SWIFT_OPTIMIZATION_LEVEL = "-O";
				VALIDATE_PRODUCT = YES;
			};
			name = Release;
		};
		3197AF9527BAEAA900575CEF /* Debug */ = {
			isa = XCBuildConfiguration;
			baseConfigurationReference = 4A505F4CBAD58B7E75C9CE3C /* Pods-FirebaseChatApp.debug.xcconfig */;
			buildSettings = {
				ASSETCATALOG_COMPILER_APPICON_NAME = AppIcon;
				ASSETCATALOG_COMPILER_GLOBAL_ACCENT_COLOR_NAME = AccentColor;
				CODE_SIGN_ENTITLEMENTS = FirebaseChatApp/FirebaseChatApp.entitlements;
				CODE_SIGN_STYLE = Automatic;
				CURRENT_PROJECT_VERSION = 1;
				DEVELOPMENT_TEAM = KG94G4G9WV;
				GENERATE_INFOPLIST_FILE = YES;
				INFOPLIST_FILE = FirebaseChatApp/Info.plist;
				INFOPLIST_KEY_UIApplicationSupportsIndirectInputEvents = YES;
				INFOPLIST_KEY_UILaunchStoryboardName = LaunchScreen;
				INFOPLIST_KEY_UIMainStoryboardFile = Main;
				INFOPLIST_KEY_UISupportedInterfaceOrientations = UIInterfaceOrientationPortrait;
				INFOPLIST_KEY_UISupportedInterfaceOrientations_iPad = "UIInterfaceOrientationPortrait UIInterfaceOrientationPortraitUpsideDown UIInterfaceOrientationLandscapeLeft UIInterfaceOrientationLandscapeRight";
				INFOPLIST_KEY_UISupportedInterfaceOrientations_iPhone = "UIInterfaceOrientationPortrait UIInterfaceOrientationLandscapeLeft UIInterfaceOrientationLandscapeRight";
				LD_RUNPATH_SEARCH_PATHS = (
					"$(inherited)",
					"@executable_path/Frameworks",
				);
				MARKETING_VERSION = 1.0;
				PRODUCT_BUNDLE_IDENTIFIER = com.iphtechnologies.FirebaseChatApp;
				PRODUCT_NAME = "$(TARGET_NAME)";
				SWIFT_EMIT_LOC_STRINGS = YES;
				SWIFT_VERSION = 5.0;
				TARGETED_DEVICE_FAMILY = 1;
			};
			name = Debug;
		};
		3197AF9627BAEAA900575CEF /* Release */ = {
			isa = XCBuildConfiguration;
			baseConfigurationReference = F48E0F0D0D79CC87AF03808B /* Pods-FirebaseChatApp.release.xcconfig */;
			buildSettings = {
				ASSETCATALOG_COMPILER_APPICON_NAME = AppIcon;
				ASSETCATALOG_COMPILER_GLOBAL_ACCENT_COLOR_NAME = AccentColor;
				CODE_SIGN_ENTITLEMENTS = FirebaseChatApp/FirebaseChatApp.entitlements;
				CODE_SIGN_STYLE = Automatic;
				CURRENT_PROJECT_VERSION = 1;
				DEVELOPMENT_TEAM = KG94G4G9WV;
				GENERATE_INFOPLIST_FILE = YES;
				INFOPLIST_FILE = FirebaseChatApp/Info.plist;
				INFOPLIST_KEY_UIApplicationSupportsIndirectInputEvents = YES;
				INFOPLIST_KEY_UILaunchStoryboardName = LaunchScreen;
				INFOPLIST_KEY_UIMainStoryboardFile = Main;
				INFOPLIST_KEY_UISupportedInterfaceOrientations = UIInterfaceOrientationPortrait;
				INFOPLIST_KEY_UISupportedInterfaceOrientations_iPad = "UIInterfaceOrientationPortrait UIInterfaceOrientationPortraitUpsideDown UIInterfaceOrientationLandscapeLeft UIInterfaceOrientationLandscapeRight";
				INFOPLIST_KEY_UISupportedInterfaceOrientations_iPhone = "UIInterfaceOrientationPortrait UIInterfaceOrientationLandscapeLeft UIInterfaceOrientationLandscapeRight";
				LD_RUNPATH_SEARCH_PATHS = (
					"$(inherited)",
					"@executable_path/Frameworks",
				);
				MARKETING_VERSION = 1.0;
				PRODUCT_BUNDLE_IDENTIFIER = com.iphtechnologies.FirebaseChatApp;
				PRODUCT_NAME = "$(TARGET_NAME)";
				SWIFT_EMIT_LOC_STRINGS = YES;
				SWIFT_VERSION = 5.0;
				TARGETED_DEVICE_FAMILY = 1;
			};
			name = Release;
		};
/* End XCBuildConfiguration section */

/* Begin XCConfigurationList section */
		3197AF7B27BAEAA600575CEF /* Build configuration list for PBXProject "FirebaseChatApp" */ = {
			isa = XCConfigurationList;
			buildConfigurations = (
				3197AF9227BAEAA900575CEF /* Debug */,
				3197AF9327BAEAA900575CEF /* Release */,
			);
			defaultConfigurationIsVisible = 0;
			defaultConfigurationName = Release;
		};
		3197AF9427BAEAA900575CEF /* Build configuration list for PBXNativeTarget "FirebaseChatApp" */ = {
			isa = XCConfigurationList;
			buildConfigurations = (
				3197AF9527BAEAA900575CEF /* Debug */,
				3197AF9627BAEAA900575CEF /* Release */,
			);
			defaultConfigurationIsVisible = 0;
			defaultConfigurationName = Release;
		};
/* End XCConfigurationList section */
	};
	rootObject = 3197AF7827BAEAA600575CEF /* Project object */;
}
